
Microsoft Visual Studio Solution File, Format Version 12.00
# Visual Studio 15
VisualStudioVersion = 15.0.27428.2027
MinimumVisualStudioVersion = 10.0.40219.1
Project("{FAE04EC0-301F-11D3-BF4B-00C04F79EFBC}") = "Calendar", "Calendar\Calendar.csproj", "{83344F1D-5EB1-4603-A07D-D98560365679}"
EndProject
Global
	GlobalSection(SolutionConfigurationPlatforms) = preSolution
		Debug|Any CPU = Debug|Any CPU
		Release|Any CPU = Release|Any CPU
	EndGlobalSection
	GlobalSection(ProjectConfigurationPlatforms) = postSolution
		{83344F1D-5EB1-4603-A07D-D98560365679}.Debug|Any CPU.ActiveCfg = Debug|Any CPU
		{83344F1D-5EB1-4603-A07D-D98560365679}.Debug|Any CPU.Build.0 = Debug|Any CPU
		{83344F1D-5EB1-4603-A07D-D98560365679}.Release|Any CPU.ActiveCfg = Release|Any CPU
		{83344F1D-5EB1-4603-A07D-D98560365679}.Release|Any CPU.Build.0 = Release|Any CPU
	EndGlobalSection
	GlobalSection(SolutionProperties) = preSolution
		HideSolutionNode = FALSE
	EndGlobalSection
	GlobalSection(ExtensibilityGlobals) = postSolution
		SolutionGuid = {6BD10012-EA52-4FCD-805F-395EFA874FE7}
	EndGlobalSection
EndGlobal
